version = 1
revision = 3
requires-python = ">=3.12"

[[package]]
name = "adafruit-blinka"
version = "9.2.0"
source = { registry = "https://pypi.org/simple" }
dependencies = [
    { name = "adafruit-circuitpython-typing" },
    { name = "adafruit-platformdetect" },
    { name = "adafruit-pureio" },
    { name = "binho-host-adapter" },
    { name = "pyftdi" },
    { name = "sysv-ipc", marker = "platform_machine != 'mips' and sys_platform == 'linux'" },
]
sdist = { url = "https://files.pythonhosted.org/packages/ae/ee/63370e529cb21a56406b58773ab2e97c3bffd8dec391746df1fe238e3c1e/adafruit_blinka-9.2.0.tar.gz", hash = "sha256:0358f02840f91127246d9c5fa6d49660e2ab1134cc4e56fd5d88ce4c39a50942", size = 937569, upload-time = "2026-07-30T18:02:52.711Z" }
wheels = [
    { url = "https://files.pythonhosted.org/packages/d9/e1/62809e4d3f24f433e27e66f03afab7aa653627c7fbb9ddad9088032b6366/adafruit_blinka-9.2.0-py3-none-any.whl", hash = "sha256:ba761bd1eb5fd7c6626e2505dd7e63b0df9b7859eea91d952aba4ee2bec83ee9", size = 1064581, upload-time = "2026-07-30T18:02:51.066Z" },
]

[[package]]
name = "adafruit-circuitpython-busdevice"
version = "5.2.17"
source = { registry = "https://pypi.org/simple" }
dependencies = [
    { name = "adafruit-blinka" },
    { name = "adafruit-circuitpython-typing" },
]
sdist = { url = "https://files.pythonhosted.org/packages/40/c0/f789bfc16d2e7eed23171f264b961ceb25314ba92d733be5bd47a4ecb23e/adafruit_circuitpython_busdevice-5.2.17.tar.gz", hash = "sha256:01887ba0056d3635536f0bf1e580a2969c67fc2c4c7b42a4093bcf7a3308bc9b", size = 24423, upload-time = "2026-04-23T21:18:13.438Z" }
wheels = [
    { url = "https://files.pythonhosted.org/packages/42/0d/66a4e0fbd7b35107f7dee04fed890f77b83d1da9dd1f7474af2ed21700ea/adafruit_circuitpython_busdevice-5.2.17-py3-none-any.whl", hash = "sha256:5a834fbe0b88b07d20494bec566815da154aa4b1b668e2e665277b34b3578e44", size = 7494, upload-time = "2026-04-23T21:18:12.284Z" },
]

[[package]]
name = "adafruit-circuitpython-connectionmanager"
version = "3.1.8"
source = { registry = "https://pypi.org/simple" }
dependencies = [
    { name = "adafruit-blinka" },
]
sdist = { url = "https://files.pythonhosted.org/packages/a0/29/1653838bc0e5c6119fa2b03edb58b592a2475e7cf99810064a99e5eb8994/adafruit_circuitpython_connectionmanager-3.1.8.tar.gz", hash = "sha256:ce7436d62ac26312fbd2fc7d8f70ab0582a7c7807d7033ae5bd5cb53e4f66f3b", size = 33828, upload-time = "2026-04-23T21:18:42.138Z" }
wheels = [
    { url = "https://files.pythonhosted.org/packages/e4/43/929d17e5dbe0773e3a3c728b12cf1a777ada32639764b09365a1b56703c0/adafruit_circuitpython_connectionmanager-3.1.8-py3-none-any.whl", hash = "sha256:f93e27874a840f728b5cdbb1bcf0aee4e75ed1c0ba46b4562606ac3ac3ea2cca", size = 7755, upload-time = "2026-04-23T21:18:40.984Z" },
]

[[package]]
name = "adafruit-circuitpython-mcp230xx"
version = "2.6.2"
source = { registry = "https://pypi.org/simple" }
dependencies = [
    { name = "adafruit-blinka" },
    { name = "adafruit-circuitpython-busdevice" },
]
sdist = { url = "https://files.pythonhosted.org/packages/be/19/67dd951a9ccd9cfc24e8512883fa9574b7c131ba9d00341e34847716a545/adafruit_circuitpython_mcp230xx-2.6.2.tar.gz", hash = "sha256:5c50bb8c326ea680c7f5784d0cdd9f3266c044db6b3d4fa93775ebe4e7485a3b", size = 31559, upload-time = "2026-04-23T21:00:32.497Z" }
wheels = [
    { url = "https://files.pythonhosted.org/packages/2e/da/a87cccc312c0fb196af0a7bf537576a7a698011dfdbf4e5ec80486a04ddc/adafruit_circuitpython_mcp230xx-2.6.2-py3-none-any.whl", hash = "sha256:7efbc8b882a56274a144832eb66b0861edc3311061c9bffae5976736072b0909", size = 18850, upload-time = "2026-04-23T21:00:31.231Z" },
]

[[package]]
name = "adafruit-circuitpython-requests"
version = "4.1.17"
source = { registry = "https://pypi.org/simple" }
dependencies = [
    { name = "adafruit-blinka" },
    { name = "adafruit-circuitpython-connectionmanager" },
]
sdist = { url = "https://files.pythonhosted.org/packages/bc/5c/cb31dd0a6e56a92bd9bf672539ba6102204bc443fe9af9a5f8e893b99169/adafruit_circuitpython_requests-4.1.17.tar.gz", hash = "sha256:7259976be340324d34da1ba6f4b935430b46ceece2e5c1632387a24e6f94e9a3", size = 67777, upload-time = "2026-04-23T21:24:48.423Z" }
wheels = [
    { url = "https://files.pythonhosted.org/packages/01/8c/15a2de09cc3c30793336cf79798948768611463ddfb2b2669f51569228fb/adafruit_circuitpython_requests-4.1.17-py3-none-any.whl", hash = "sha256:4c205188a052f52b3bb8ab4af97798d7d56ae3701857d31f03b164f029fae44f", size = 10841, upload-time = "2026-04-23T21:24:47.522Z" },
]

[[package]]
name = "adafruit-circuitpython-typing"
version = "1.12.3"
source = { registry = "https://pypi.org/simple" }
dependencies = [
    { name = "adafruit-blinka" },
    { name = "adafruit-circuitpython-busdevice" },
    { name = "adafruit-circuitpython-requests" },
    { name = "typing-extensions" },
]
sdist = { url = "https://files.pythonhosted.org/packages/65/a2/40a3440aed2375371507af668570b68523ee01db9c25c47ce5a05883170e/adafruit_circuitpython_typing-1.12.3.tar.gz", hash = "sha256:63f196f834e47842bcd4cf8c37aaa0c61e1aeb5d07f056c875fc3016cda91a12", size = 25603, upload-time = "2025-10-27T18:17:38.56Z" }
wheels = [
    { url = "https://files.pythonhosted.org/packages/cc/a1/578a03ba2bce0809b4e30974b47958963c9efe67b9fe74e7dbcdbbd45318/adafruit_circuitpython_typing-1.12.3-py3-none-any.whl", hash = "sha256:f6d0a02150e1e4efb5a2c2945b88d948809fdb465875f39947108b8467c986d9", size = 11014, upload-time = "2025-10-27T18:17:37.771Z" },
]

[[package]]
name = "adafruit-platformdetect"
version = "3.89.1"
source = { registry = "https://pypi.org/simple" }
sdist = { url = "https://files.pythonhosted.org/packages/43/9b/96e46cb5eb2cf4119ff4bf0f840221704de29e2eed03976c4b291d483174/adafruit_platformdetect-3.89.1.tar.gz", hash = "sha256:74552d1afcf779a84ca63527a1eaee9995c429ff422db15492bad0c3599cab4b", size = 49753, upload-time = "2026-06-24T18:28:39.069Z" }
wheels = [
    { url = "https://files.pythonhosted.org/packages/ff/0b/193ac7ed72f1ecdf6d4817aab86157f9198ed22e5725f03b9945baad5389/adafruit_platformdetect-3.89.1-py3-none-any.whl", hash = "sha256:d13c206dc37e399cccda953be9b1d3709c549d05be484b1c2da8077043c0beab", size = 27108, upload-time = "2026-06-24T18:28:37.959Z" },
]

[[package]]
name = "adafruit-pureio"
version = "1.1.11"
source = { registry = "https://pypi.org/simple" }
sdist = { url = "https://files.pythonhosted.org/packages/e5/b7/f1672435116822079bbdab42163f9e6424769b7db778873d95d18c085230/Adafruit_PureIO-1.1.11.tar.gz", hash = "sha256:c4cfbb365731942d1f1092a116f47dfdae0aef18c5b27f1072b5824ad5ea8c7c", size = 35511, upload-time = "2023-05-25T19:01:34.654Z" }
wheels = [
    { url = "https://files.pythonhosted.org/packages/19/9d/28e9d12f36e13c5f2acba3098187b0e931290ecd1d8df924391b5ad2db19/Adafruit_PureIO-1.1.11-py3-none-any.whl", hash = "sha256:281ab2099372cc0decc26326918996cbf21b8eed694ec4764d51eefa029d324e", size = 10678, upload-time = "2023-05-25T19:01:32.397Z" },
]

[[package]]
name = "binho-host-adapter"
version = "0.1.6"
source = { registry = "https://pypi.org/simple" }
dependencies = [
    { name = "pyserial" },
]
sdist = { url = "https://files.pythonhosted.org/packages/68/36/29b7b896e83e195fac6d64ccff95c0f24a18ee86e7437a22e60e0331d90a/binho-host-adapter-0.1.6.tar.gz", hash = "sha256:1e6da7a84e208c13b5f489066f05774bff1d593d0f5bf1ca149c2b8e83eae856", size = 10068, upload-time = "2020-06-04T19:38:11.789Z" }
wheels = [
    { url = "https://files.pythonhosted.org/packages/7b/6b/0f13486003aea3eb349c2946b7ec9753e7558b78e35d22c938062a96959c/binho_host_adapter-0.1.6-py3-none-any.whl", hash = "sha256:f71ca176c1e2fc1a5dce128beb286da217555c6c7c805f2ed282a6f3507ec277", size = 10540, upload-time = "2020-06-04T19:38:10.612Z" },
]

[[package]]
name = "cbor2"
version = "5.9.0"
source = { registry = "https://pypi.org/simple" }
sdist = { url = "https://files.pythonhosted.org/packages/bd/cb/09939728be094d155b5d4ac262e39877875f5f7e36eea66beb359f647bd0/cbor2-5.9.0.tar.gz", hash = "sha256:85c7a46279ac8f226e1059275221e6b3d0e370d2bb6bd0500f9780781615bcea", size = 111231, upload-time = "2026-03-22T15:56:50.638Z" }
wheels = [
    { url = "https://files.pythonhosted.org/packages/ee/39/72d8a5a4b06565561ec28f4fcb41aff7bb77f51705c01f00b8254a2aca4f/cbor2-5.9.0-cp312-cp312-macosx_11_0_arm64.whl", hash = "sha256:1f223dffb1bcdd2764665f04c1152943d9daa4bc124a576cd8dee1cad4264313", size = 71223, upload-time = "2026-03-22T15:56:13.68Z" },
    { url = "https://files.pythonhosted.org/packages/09/fd/7ddf3d3153b54c69c3be77172b8d9aa3a9d74f62a7fbde614d53eaeed9a4/cbor2-5.9.0-cp312-cp312-manylinux2014_aarch64.manylinux_2_17_aarch64.manylinux_2_28_aarch64.whl", hash = "sha256:ae6c706ac1d85a0b3cb3395308fd0c4d55e3202b4760773675957e93cdff45fc", size = 287865, upload-time = "2026-03-22T15:56:14.813Z" },
    { url = "https://files.pythonhosted.org/packages/db/9d/7ede2cc42f9bb4260492e7d29d2aab781eacbbcfb09d983de1e695077199/cbor2-5.9.0-cp312-cp312-manylinux2014_x86_64.manylinux_2_17_x86_64.manylinux_2_28_x86_64.whl", hash = "sha256:4cd43d8fc374b31643b2830910f28177a606a7bc84975a62675dd3f2e320fc7b", size = 288246, upload-time = "2026-03-22T15:56:16.113Z" },
    { url = "https://files.pythonhosted.org/packages/ce/9d/588ebc7c5bc5843f609b05fe07be8575c7dec987735b0bbc908ac9c1264a/cbor2-5.9.0-cp312-cp312-musllinux_1_2_aarch64.whl", hash = "sha256:4aa07b392cc3d76fb31c08a46a226b58c320d1c172ff3073e864409ced7bc50f", size = 280214, upload-time = "2026-03-22T15:56:17.519Z" },
    { url = "https://files.pythonhosted.org/packages/f7/a1/6fc8f4b15c6a27e7fbb7966c30c2b4b18c274a3221fa2f5e6235502d34bc/cbor2-5.9.0-cp312-cp312-musllinux_1_2_x86_64.whl", hash = "sha256:971d425b3a23b75953d8853d5f9911bdeefa09d759ee3b5e6b07b5ff3cbd9073", size = 282162, upload-time = "2026-03-22T15:56:18.975Z" },
    { url = "https://files.pythonhosted.org/packages/cf/20/9a22cfe08be16ddfeef2542cf4eeed1b29f3f57ddbba0b42f7e0bb8331fd/cbor2-5.9.0-cp312-cp312-win_amd64.whl", hash = "sha256:34a6cb15e6ab6a8eae94ad2041731cd3ef786af43a8df99f847969af5b902ee7", size = 70049, upload-time = "2026-03-22T15:56:20.502Z" },
    { url = "https://files.pythonhosted.org/packages/c6/9e/695f92d09006614034e25a9f5b10620f3b219f79c1bec3c37b7c6f27a7a9/cbor2-5.9.0-cp312-cp312-win_arm64.whl", hash = "sha256:7d1ddc4541e7367ac58c2470cc0df847f7137167fe4f5729e2d3cc0b993d7da4", size = 65382, upload-time = "2026-03-22T15:56:21.526Z" },
    { url = "https://files.pythonhosted.org/packages/81/c5/4901e21a8afe9448fd947b11e8f383903207cd6dd0800e5f5a386838de5b/cbor2-5.9.0-cp313-cp313-macosx_11_0_arm64.whl", hash = "sha256:fbb06f34aa645b4deca66643bba3d400d20c15312d1fe88d429be60c1ab50f27", size = 71284, upload-time = "2026-03-22T15:56:22.836Z" },
    { url = "https://files.pythonhosted.org/packages/1b/10/df643a381aebc3f05486de4813662bc58accb640fc3275cb276a75e89694/cbor2-5.9.0-cp313-cp313-manylinux2014_aarch64.manylinux_2_17_aarch64.manylinux_2_28_aarch64.whl", hash = "sha256:ac684fe195c39821fca70d18afbf748f728aefbfbf88456018d299e559b8cae0", size = 287682, upload-time = "2026-03-22T15:56:24.024Z" },
    { url = "https://files.pythonhosted.org/packages/c6/0c/8aa6b766059ae4a0ca1ec3ff96fe3823a69a7be880dba2e249f7fbe2700b/cbor2-5.9.0-cp313-cp313-manylinux2014_x86_64.manylinux_2_17_x86_64.manylinux_2_28_x86_64.whl", hash = "sha256:2a54fbb32cb828c214f7f333a707e4aec61182e7efdc06ea5d9596d3ecee624a", size = 288009, upload-time = "2026-03-22T15:56:25.305Z" },
    { url = "https://files.pythonhosted.org/packages/74/07/6236bc25c183a9cf7e8062e5dddf9eae9b0b14ebf14a58a69fe5a1e872c6/cbor2-5.9.0-cp313-cp313-musllinux_1_2_aarch64.whl", hash = "sha256:4753a6d1bc71054d9179557bc65740860f185095ccb401d46637fff028a5b3ec", size = 280437, upload-time = "2026-03-22T15:56:26.479Z" },
    { url = "https://files.pythonhosted.org/packages/4e/0a/84328d23c3c68874ac6497edb9b1900579a1028efa54734df3f1762bbc15/cbor2-5.9.0-cp313-cp313-musllinux_1_2_x86_64.whl", hash = "sha256:380e534482b843e43442b87d8777a7bf9bed20cb7526f89b780c3400f617304b", size = 282247, upload-time = "2026-03-22T15:56:28.644Z" },
    { url = "https://files.pythonhosted.org/packages/9b/f6/89b4627e09d028c8e5fcaf7cb55f225c33ce6e037ec1844e65d02bcfa945/cbor2-5.9.0-cp313-cp313-win_amd64.whl", hash = "sha256:dcf0f695873e5c94bd072d6af8698e72b8fb7f7a18f37e0bced1041b7111a6cf", size = 70089, upload-time = "2026-03-22T15:56:29.801Z" },
    { url = "https://files.pythonhosted.org/packages/e2/7c/efadcd5f0102db692490e4e206988a2f98d39a09912090db497a2b800885/cbor2-5.9.0-cp313-cp313-win_arm64.whl", hash = "sha256:f7c9751a9611601ab326d8f5837f01379195bbf06175fb4effeb552140e7c9e8", size = 65466, upload-time = "2026-03-22T15:56:30.823Z" },
    { url = "https://files.pythonhosted.org/packages/08/7d/9ccc36d10ef96e6038e48046ebe1ce35a1e7814da0e1e204d09e6ef09b8d/cbor2-5.9.0-cp314-cp314-macosx_11_0_arm64.whl", hash = "sha256:23606d31ba1368bd1b6602e3020ee88fe9523ca80e8630faf6b2fc904fd84560", size = 71500, upload-time = "2026-03-22T15:56:31.876Z" },
    { url = "https://files.pythonhosted.org/packages/70/e1/a6cca2cc72e13f00030c6a649f57ae703eb2c620806ab70c40db8eab33fa/cbor2-5.9.0-cp314-cp314-manylinux2014_aarch64.manylinux_2_17_aarch64.manylinux_2_28_aarch64.whl", hash = "sha256:0322296b9d52f55880e300ba8ba09ecf644303b99b51138bbb1c0fb644fa7c3e", size = 286953, upload-time = "2026-03-22T15:56:33.292Z" },
    { url = "https://files.pythonhosted.org/packages/08/3c/24cd5ef488a957d90e016f200a3aad820e4c2f85edd61c9fe4523007a1ee/cbor2-5.9.0-cp314-cp314-manylinux2014_x86_64.manylinux_2_17_x86_64.manylinux_2_28_x86_64.whl", hash = "sha256:422817286c1d0ce947fb2f7eca9212b39bddd7231e8b452e2d2cc52f15332dba", size = 285454, upload-time = "2026-03-22T15:56:34.703Z" },
    { url = "https://files.pythonhosted.org/packages/a4/35/dca96818494c0ba47cdd73e8d809b27fa91f8fa0ce32a068a09237687454/cbor2-5.9.0-cp314-cp314-musllinux_1_2_aarch64.whl", hash = "sha256:9a4907e0c3035bb8836116854ed8e56d8aef23909d601fa59706320897ec2551", size = 279441, upload-time = "2026-03-22T15:56:35.888Z" },
    { url = "https://files.pythonhosted.org/packages/a4/44/d3362378b16e53cf7e535a3f5aed8476e2109068154e24e31981ef5bde9e/cbor2-5.9.0-cp314-cp314-musllinux_1_2_x86_64.whl", hash = "sha256:fb7afe77f8d269e42d7c4b515c6fd14f1ccc0625379fb6829b269f493d16eddd", size = 279673, upload-time = "2026-03-22T15:56:37.08Z" },
    { url = "https://files.pythonhosted.org/packages/43/d1/3533a697e5842fff7c2f64912eb251f8dcab3a8b5d88e228d6eebc3b5021/cbor2-5.9.0-cp314-cp314-win_amd64.whl", hash = "sha256:86baf870d4c0bfc6f79de3801f3860a84ab76d9c8b0abb7f081f2c14c38d79d3", size = 71940, upload-time = "2026-03-22T15:56:38.366Z" },
    { url = "https://files.pythonhosted.org/packages/ff/e2/c6ba75f3fb25dfa15ab6999cc8709c821987e9ed8e375d7f58539261bcb9/cbor2-5.9.0-cp314-cp314-win_arm64.whl", hash = "sha256:7221483fad0c63afa4244624d552abf89d7dfdbc5f5edfc56fc1ff2b4b818975", size = 67639, upload-time = "2026-03-22T15:56:39.39Z" },
    { url = "https://files.pythonhosted.org/packages/42/ff/b83492b096fbef26e9cb62c1a4bf2d3cef579ea7b33138c6c37c4ae66f67/cbor2-5.9.0-py3-none-any.whl", hash = "sha256:27695cbd70c90b8de5c4a284642c2836449b14e2c2e07e3ffe0744cb7669a01b", size = 24627, upload-time = "2026-03-22T15:56:48.847Z" },
]

[[package]]
name = "colorzero"
version = "2.0"
source = { registry = "https://pypi.org/simple" }
dependencies = [
    { name = "setuptools" },
]
sdist = { url = "https://files.pythonhosted.org/packages/b3/ca/688824a06e8c4d04c7d2fd2af2d8da27bed51af20ee5f094154e1d680334/colorzero-2.0.tar.gz", hash = "sha256:e7d5a5c26cd0dc37b164ebefc609f388de24f8593b659191e12d85f8f9d5eb58", size = 25382, upload-time = "2021-03-15T23:42:23.261Z" }
wheels = [
    { url = "https://files.pythonhosted.org/packages/7e/a6/ddd0f130e44a7593ac6c55aa93f6e256d2270fd88e9d1b64ab7f22ab8fde/colorzero-2.0-py2.py3-none-any.whl", hash = "sha256:0e60d743a6b8071498a56465f7719c96a5e92928f858bab1be2a0d606c9aa0f8", size = 26573, upload-time = "2021-03-15T23:42:21.757Z" },
]

[[package]]
name = "gpiozero"
version = "2.0.1.post3"
source = { registry = "https://pypi.org/simple" }
dependencies = [
    { name = "colorzero" },
]
sdist = { url = "https://files.pythonhosted.org/packages/67/63/864a3c36842cf7b05808aadf906763a024a1b13f2a4c8144e3163de91255/gpiozero-2.0.1.post3.tar.gz", hash = "sha256:745feab6df463ac2e9de10c67e2dd9f396e668ba4e281e92381d6c460100a8f7", size = 168403, upload-time = "2026-07-27T10:03:32.628Z" }
wheels = [
    { url = "https://files.pythonhosted.org/packages/45/cb/ec5917b454b2e82874769a348dc74cfcec5b447bf1061c827edea9702451/gpiozero-2.0.1.post3-py3-none-any.whl", hash = "sha256:d491734803a9bc6036602e6b8bbd73fb25c33da88de0fcd11a40e890b8bc2d3b", size = 151465, upload-time = "2026-07-27T10:03:31.195Z" },
]

[[package]]
name = "north-neeladesh-cabinet-frontend"
version = "0.1.0"
source = { editable = "." }
dependencies = [
    { name = "adafruit-blinka" },
    { name = "adafruit-circuitpython-mcp230xx" },
    { name = "cbor2" },
    { name = "gpiozero" },
    { name = "pillow" },
    { name = "spidev" },
]

[package.metadata]
requires-dist = [
    { name = "adafruit-blinka", specifier = ">=8.58" },
    { name = "adafruit-circuitpython-mcp230xx", specifier = ">=2.5" },
    { name = "cbor2", specifier = ">=5.6,<6" },
    { name = "gpiozero", specifier = ">=2" },
    { name = "pillow", specifier = ">=11" },
    { name = "spidev", specifier = ">=3.6" },
]

[[package]]
name = "pillow"
version = "12.3.0"
source = { registry = "https://pypi.org/simple" }
sdist = { url = "https://files.pythonhosted.org/packages/1c/3d/bb7fca845737cf9d7dbde16ed1843984665ff2e0a518f5db43e77ec540b9/pillow-12.3.0.tar.gz", hash = "sha256:3b8182a766685eaa002637e28b4ec8d6b18819a0c71f579bf0dbaa5830297cce", size = 47025035, upload-time = "2026-07-01T11:56:38.965Z" }
wheels = [
    { url = "https://files.pythonhosted.org/packages/37/bf/fb3ebff8ddcb76aac5a01389251bbbb9519922a9b520d8247c1ca864a25d/pillow-12.3.0-cp312-cp312-macosx_10_13_x86_64.whl", hash = "sha256:ba09209fbe443b4acccebe845d8a138b89a8f4fbaeedd44953490b5315d5e965", size = 5345969, upload-time = "2026-07-01T11:54:06.397Z" },
    { url = "https://files.pythonhosted.org/packages/d8/66/9a386a92561f402389a4fc70c18838bf6d35eb5eb5c6850b4b2dc64f5048/pillow-12.3.0-cp312-cp312-macosx_11_0_arm64.whl", hash = "sha256:ffd0c5368496f41b0944be820fcb7a838aa6e623d250b01acf2643939c3f99d7", size = 4780323, upload-time = "2026-07-01T11:54:09.351Z" },
    { url = "https://files.pythonhosted.org/packages/25/27/ac8f99618ffd3dde21db0f4d4b1d2ab00c0880595bfd17df103f7f39fd0c/pillow-12.3.0-cp312-cp312-manylinux_2_27_aarch64.manylinux_2_28_aarch64.whl", hash = "sha256:d9c7f76c0673154f044e9d78c8655fb4213f6ca31a836df48b40fe5d187717b9", size = 6266838, upload-time = "2026-07-01T11:54:11.71Z" },
    { url = "https://files.pythonhosted.org/packages/84/21/a35af28dcc61f37ed850a2d64c65c701321dfbf25085e469d5559360cbbf/pillow-12.3.0-cp312-cp312-manylinux_2_27_x86_64.manylinux_2_28_x86_64.whl", hash = "sha256:78cb2c6865a35ab8ff8b75fd122f6033b92a62c82801110e48ddd6c936a45d91", size = 6940830, upload-time = "2026-07-01T11:54:13.732Z" },
    { url = "https://files.pythonhosted.org/packages/eb/51/8b08617af3ad95e33ce6d7dd2c99ed6c8298f7fb131636303956be022e25/pillow-12.3.0-cp312-cp312-musllinux_1_2_aarch64.whl", hash = "sha256:e491916b378fba47242221bb9ead245211b70d504f495d105d17b14a24b4907c", size = 6344383, upload-time = "2026-07-01T11:54:15.756Z" },
    { url = "https://files.pythonhosted.org/packages/1d/72/cf78ac9780bb93c28328f408973845a309d4d145041665f734572ced1b52/pillow-12.3.0-cp312-cp312-musllinux_1_2_x86_64.whl", hash = "sha256:0dd2064cbc55aaec028ef5fbb60fa47bb6c3e7918e07ff17935284b227a9d2df", size = 7052934, upload-time = "2026-07-01T11:54:17.721Z" },
    { url = "https://files.pythonhosted.org/packages/20/20/25e0f4dc178a6bc0696793720055519a0de89e7661dae886992decbd2f81/pillow-12.3.0-cp312-cp312-win32.whl", hash = "sha256:dbce0b29841537a2fa4a214c2bbf14de3587c9680caa9b4e217568472490b28f", size = 6472684, upload-time = "2026-07-01T11:54:19.839Z" },
    { url = "https://files.pythonhosted.org/packages/45/89/da2f7971a317f83d807fdd4065c0af40208e59e692cc43d315a71a0e96d1/pillow-12.3.0-cp312-cp312-win_amd64.whl", hash = "sha256:a2b55dd6b2a4c4b7d87ffa56bdb33fdc5fdb9a462173861a7bc097f17d91cb09", size = 7227137, upload-time = "2026-07-01T11:54:22.025Z" },
    { url = "https://files.pythonhosted.org/packages/de/47/4845a0a6c0dbf1db8456bd9fc791f13c5ced7ced20606d08a0aacfd25b49/pillow-12.3.0-cp312-cp312-win_arm64.whl", hash = "sha256:331b624368d4f1d069149002f25f44bc61c8919ce8ddb3c45bdad8f6e2d89510", size = 2568267, upload-time = "2026-07-01T11:54:24.051Z" },
    { url = "https://files.pythonhosted.org/packages/9d/ac/31fb64e1e7efb5a4b50cd3d92049ba89ac6e4d8d3bb6a74e15048ca3353e/pillow-12.3.0-cp313-cp313-ios_13_0_arm64_iphoneos.whl", hash = "sha256:21900ce7ba264168cd50defae43cd75d25c833ad4ad6e73ffc5596d12e25ac89", size = 4161684, upload-time = "2026-07-01T11:54:25.934Z" },
    { url = "https://files.pythonhosted.org/packages/87/b4/9805e23d2b4d77842b468513841fda254ee42f0289d25088340e4ff46e2d/pillow-12.3.0-cp313-cp313-ios_13_0_arm64_iphonesimulator.whl", hash = "sha256:4e8c2a84d977f50b9daed6eeaf3baef67d00d5d74d932288f02cb94518ee3ace", size = 4255487, upload-time = "2026-07-01T11:54:27.935Z" },
    { url = "https://files.pythonhosted.org/packages/df/39/ecf519435a200c693fe053a6ee4d835b41cf963a4dfc2551c4e637cb2a71/pillow-12.3.0-cp313-cp313-ios_13_0_x86_64_iphonesimulator.whl", hash = "sha256:ae26d61dfa7a47befdc7572b521024e8745f3d809bd95ca9505a7bba9ef849ec", size = 3696433, upload-time = "2026-07-01T11:54:29.813Z" },
    { url = "https://files.pythonhosted.org/packages/42/92/2fc3ffad878ae8dd5469ec1bc8eb83b71f48e13efdf68f02709003982a32/pillow-12.3.0-cp313-cp313-macosx_10_13_x86_64.whl", hash = "sha256:7a743ff716f746fc19a9557f60dab1600d4613255f8a7aeb3cdde4db7eb15a66", size = 5345889, upload-time = "2026-07-01T11:54:31.97Z" },
    { url = "https://files.pythonhosted.org/packages/10/76/8803c13605b763d33d156c4678fc77f8443389c0c51c8aef707bb02015f4/pillow-12.3.0-cp313-cp313-macosx_11_0_arm64.whl", hash = "sha256:d69141514cc30b774ceea5e3ed3a6635c8d8a96edf664689b890f4089111fb35", size = 4780109, upload-time = "2026-07-01T11:54:34.026Z" },
    { url = "https://files.pythonhosted.org/packages/1f/01/e18aff37cb0b4aac47ac90f016d347a49aca667ef97f190b06ac2aabc928/pillow-12.3.0-cp313-cp313-manylinux_2_27_aarch64.manylinux_2_28_aarch64.whl", hash = "sha256:f7401aebd7f581d7f83a439d87d474999317ee099218e5ad25d125290990ba65", size = 6263736, upload-time = "2026-07-01T11:54:36.131Z" },
    { url = "https://files.pythonhosted.org/packages/f7/62/de5bdd77d935331f4f802edc11e4d82950f642caad6cb2f949837b8560e2/pillow-12.3.0-cp313-cp313-manylinux_2_27_x86_64.manylinux_2_28_x86_64.whl", hash = "sha256:0847a763afefb695bc912d7c131e7e0632d4edc1d8698f58ddabec8e46b8b6d3", size = 6937129, upload-time = "2026-07-01T11:54:38.216Z" },
    { url = "https://files.pythonhosted.org/packages/70/4d/105627a13300c5e0df1d174230b32fd1273062c96f7745fd552b945d1e1d/pillow-12.3.0-cp313-cp313-musllinux_1_2_aarch64.whl", hash = "sha256:571b9fcb07b97ef3a492028fb3d2dc0993ca23a06138b0315286566d29ef718a", size = 6339562, upload-time = "2026-07-01T11:54:40.354Z" },
    { url = "https://files.pythonhosted.org/packages/6b/1d/f13de01a553988ab895ba1c722e06cf3144d4f57656fd5b81b6d881f1179/pillow-12.3.0-cp313-cp313-musllinux_1_2_x86_64.whl", hash = "sha256:756c768d0c9c2955feb7a56c37ea24aea2e369f8d36a88da270b6a9f19e62b5e", size = 7049439, upload-time = "2026-07-01T11:54:42.489Z" },
    { url = "https://files.pythonhosted.org/packages/c9/f9/066794cca041b969964f779ee5fa66a9498bbf34248ac39c5d7954e4198f/pillow-12.3.0-cp313-cp313-win32.whl", hash = "sha256:a876864214e136f0eb367788dbd7df045f4806801518e2cfe9e13229cfe06d8f", size = 6473287, upload-time = "2026-07-01T11:54:44.9Z" },
    { url = "https://files.pythonhosted.org/packages/a6/9b/7a58e61d62be561da3a356fe2384d4059a6345fc130e23ef1c36a5b81d24/pillow-12.3.0-cp313-cp313-win_amd64.whl", hash = "sha256:1cca606cd25738df4ed873d5ad46bbdb3d83b5cbca291f6b4ff13a4df6b0bbe8", size = 7239691, upload-time = "2026-07-01T11:54:47.141Z" },
    { url = "https://files.pythonhosted.org/packages/aa/b0/c4ed4f0ef8f8fa5ee8351537db6650bb8189f7e118842978dd6589065692/pillow-12.3.0-cp313-cp313-win_arm64.whl", hash = "sha256:b629de27fda84b42cde7edef0d85f13b958b47f6e9bbcbba9b673c562a89bd8b", size = 2568185, upload-time = "2026-07-01T11:54:49.137Z" },
    { url = "https://files.pythonhosted.org/packages/dc/01/001f65b68192f0228cc1dbbc8d2530ab5d58b61037ba0587f946fea607cd/pillow-12.3.0-cp314-cp314-ios_13_0_arm64_iphoneos.whl", hash = "sha256:9cf95fe4d0f84c82d282745d9bb08ad9f926efa00be4697e767b814ce40d4330", size = 4161736, upload-time = "2026-07-01T11:54:51.156Z" },
    { url = "https://files.pythonhosted.org/packages/1a/d2/0219746d0fd16fc8a84498e79452375be3797d3ce4044596ce565164b84f/pillow-12.3.0-cp314-cp314-ios_13_0_arm64_iphonesimulator.whl", hash = "sha256:8728f216dcdb6e6d555cf971cb34076139ad74b31fc2c14da4fafc741c5f6217", size = 4255435, upload-time = "2026-07-01T11:54:53.414Z" },
    { url = "https://files.pythonhosted.org/packages/c8/02/8d0bc62ef0302318c46ff2a512822d2610e81c7aa46c9b3abe6cbaca5ad0/pillow-12.3.0-cp314-cp314-ios_13_0_x86_64_iphonesimulator.whl", hash = "sha256:a45650e8ce7fafffd731db8550230db6b0d306d181a90b67d3e6bca2f1990930", size = 3696262, upload-time = "2026-07-01T11:54:55.739Z" },
    { url = "https://files.pythonhosted.org/packages/85/e2/73c77d218410b14f5f2d565e8a998d5317b7b9c75368d29985139f7a46f0/pillow-12.3.0-cp314-cp314-macosx_10_15_x86_64.whl", hash = "sha256:ba54cfebe86920a559a7c4d6b9050791c20513650a1952ebe3368c7dc70306f8", size = 5350344, upload-time = "2026-07-01T11:54:57.657Z" },
    { url = "https://files.pythonhosted.org/packages/c7/da/32c752228ae345f489e3a42499d817b6c3996da7e8a3bc7a04fc806b243b/pillow-12.3.0-cp314-cp314-macosx_11_0_arm64.whl", hash = "sha256:e158cb00350dc278f3b91551101aa7d12415a66ebf2c91d8d5ac14e56ddd3ad0", size = 4780131, upload-time = "2026-07-01T11:54:59.713Z" },
    { url = "https://files.pythonhosted.org/packages/b1/9d/8b2c807dbef61a5197c047afe99823787eb66f63daf9fb2432f91d6f0462/pillow-12.3.0-cp314-cp314-manylinux_2_27_aarch64.manylinux_2_28_aarch64.whl", hash = "sha256:e9aeb04d6aef139de265b29683e119b638208f88cf73cdd1658aa07221165321", size = 6263757, upload-time = "2026-07-01T11:55:01.778Z" },
    { url = "https://files.pythonhosted.org/packages/5c/44/c85361f65dbe00eea8576ee467c768d25129989efb76e94f205e9ca9bb46/pillow-12.3.0-cp314-cp314-manylinux_2_27_x86_64.manylinux_2_28_x86_64.whl", hash = "sha256:251bf95b67017e27b13d82f5b326234ca62d70f9cf4c2b9032de2358a3b12c7b", size = 6936962, upload-time = "2026-07-01T11:55:03.93Z" },
    { url = "https://files.pythonhosted.org/packages/18/7e/e483414b35800b86b6f08dbbc7803fb5cd52c4d6f897f47d53ea2c7e6f65/pillow-12.3.0-cp314-cp314-musllinux_1_2_aarch64.whl", hash = "sha256:fe3cca2e4e8a592be0f269a1ca4835c25199d9f3ce815c8491048f785b0a0198", size = 6339171, upload-time = "2026-07-01T11:55:05.989Z" },
    { url = "https://files.pythonhosted.org/packages/f0/f4/68c491844841ede6bed70189546b3ee9731cf9f2cbad396faff5e1ccba45/pillow-12.3.0-cp314-cp314-musllinux_1_2_x86_64.whl", hash = "sha256:23aceaa007d6172b02c277f0cd359c79492bbb14f7072b4ede9fbcaf20648130", size = 7048116, upload-time = "2026-07-01T11:55:08.131Z" },
    { url = "https://files.pythonhosted.org/packages/a3/34/77f3f793fed8efc7d243f21b33c5a3f0d1c97ee70346d3db855587e155ff/pillow-12.3.0-cp314-cp314-win32.whl", hash = "sha256:af8d94b0db561cf68b88a267c5c44b49e134f525d0dc2cb7ed413a66bc23559a", size = 6467209, upload-time = "2026-07-01T11:55:10.408Z" },
    { url = "https://files.pythonhosted.org/packages/f1/e0/492879f69d94f91f60fc8cd05ba03650e9520afebb2fb7aa12777d7c7f38/pillow-12.3.0-cp314-cp314-win_amd64.whl", hash = "sha256:fdafc9cce40277e0f7a0feabce0ee50dd2fa1800f3b38015e51296b5e814048d", size = 7237707, upload-time = "2026-07-01T11:55:12.745Z" },
    { url = "https://files.pythonhosted.org/packages/c9/ac/6b11f2875f1c2ac040d84e1bbf9cf22a88038f901ca1037898b280b38365/pillow-12.3.0-cp314-cp314-win_arm64.whl", hash = "sha256:e91206ee562682b51b98ef4b26a6ef48fd84e15fd4c4bc5ec768eb641d206838", size = 2565995, upload-time = "2026-07-01T11:55:14.736Z" },
    { url = "https://files.pythonhosted.org/packages/52/69/c2208e56af9bfc1913afb24020297a691eb1d4ef688474c8a04913f65e04/pillow-12.3.0-cp314-cp314t-macosx_10_15_x86_64.whl", hash = "sha256:164b31cd1a0490ab6efae01aa5df49da7061be0af1b30e035b6e9a1bfe34ee6e", size = 5352503, upload-time = "2026-07-01T11:55:17.076Z" },
    { url = "https://files.pythonhosted.org/packages/07/70/e5686d753e898a45d778ff1718dba8516ead6ab6b95d85fc8c4b70650cf2/pillow-12.3.0-cp314-cp314t-macosx_11_0_arm64.whl", hash = "sha256:5afb51d599ea772b8365ae807ae557f18bccfe46ab261fd1c2a9ed700fc6eb17", size = 4782956, upload-time = "2026-07-01T11:55:19.448Z" },
    { url = "https://files.pythonhosted.org/packages/d5/37/25c6692f06927ee973ff18c8d9ee98ad0b4d84ee67a09610c2dd1447958e/pillow-12.3.0-cp314-cp314t-manylinux_2_27_aarch64.manylinux_2_28_aarch64.whl", hash = "sha256:3edce1d53195db527e0191f84b71d02022de0540bf43a16ed734ed7537b07385", size = 6322855, upload-time = "2026-07-01T11:55:21.613Z" },
    { url = "https://files.pythonhosted.org/packages/cc/91/420637fcb8f1bc11029e403b4538e6694744428d8246118e45719f944556/pillow-12.3.0-cp314-cp314t-manylinux_2_27_x86_64.manylinux_2_28_x86_64.whl", hash = "sha256:bf16ba1b4d0b6b7c8e534936632270cf70eb00dbe09005bc345b2677b726855c", size = 6989642, upload-time = "2026-07-01T11:55:24.006Z" },
    { url = "https://files.pythonhosted.org/packages/10/08/b94d7811281ccf0d143a1cf768d1c49e1e54af63e7b708ab2ee3eb87face/pillow-12.3.0-cp314-cp314t-musllinux_1_2_aarch64.whl", hash = "sha256:24870b09b224f7ae3c39ed07d10e819d06f8720bc551847b1d623832b5b0e28d", size = 6391281, upload-time = "2026-07-01T11:55:26.252Z" },
    { url = "https://files.pythonhosted.org/packages/d2/87/24233f785f55474dc02ce3e739c5528a77e3a862e9333d1dd7a25cc31f70/pillow-12.3.0-cp314-cp314t-musllinux_1_2_x86_64.whl", hash = "sha256:30f2aa603c41533cc25c05acd0da21636e84a315768feb631c937177db558931", size = 7096716, upload-time = "2026-07-01T11:55:28.318Z" },
    { url = "https://files.pythonhosted.org/packages/23/26/fcb2f6e37175b04f53570b59937867e2b80ee1685e744023153028fc14f9/pillow-12.3.0-cp314-cp314t-win32.whl", hash = "sha256:4b0a7fe987b14c31ebda6083f74f22b561fd3739bc0ac51e019622e3d72668c7", size = 6474125, upload-time = "2026-07-01T11:55:30.956Z" },
    { url = "https://files.pythonhosted.org/packages/90/de/3634abee5f1c9e13c56787b7d5517b0ba8d6de51700b95578cf338349c9f/pillow-12.3.0-cp314-cp314t-win_amd64.whl", hash = "sha256:962864dc93511324d51ddbb5b9f8731bf71675b93ca612a07441896f4688fb8c", size = 7242939, upload-time = "2026-07-01T11:55:34.044Z" },
    { url = "https://files.pythonhosted.org/packages/ce/2a/fd13f8eb24de5714a6eb444a3d67e2842c6c576e159a43793adf23051351/pillow-12.3.0-cp314-cp314t-win_arm64.whl", hash = "sha256:0740a512dc522224c77d9aa5a8d70d8b7d73fb91f2c21125d8d025d3b8990e45", size = 2567506, upload-time = "2026-07-01T11:55:35.988Z" },
    { url = "https://files.pythonhosted.org/packages/5d/dc/8fdce34ec725a33c81c6ba122b904d6b9024e50ea9ac7bede62fab54506c/pillow-12.3.0-cp315-cp315-ios_13_0_arm64_iphoneos.whl", hash = "sha256:0feb2e9d6ad6c9e3c06effe9d00f3f1e618a6643273576b016f591e9315a7139", size = 4162063, upload-time = "2026-07-01T11:55:37.941Z" },
    { url = "https://files.pythonhosted.org/packages/76/66/2044b9a63d3b84ff048228dfcb7cd9bf0df983e8470971bf7d4c57b693de/pillow-12.3.0-cp315-cp315-ios_13_0_arm64_iphonesimulator.whl", hash = "sha256:9e881fca225083806662a5c43d627d215f258ff43c890f831966c7d7ba9c7402", size = 4255549, upload-time = "2026-07-01T11:55:40.022Z" },
    { url = "https://files.pythonhosted.org/packages/52/7e/1f67e6f4ece6b582ee4b539decbcc9f848dc245a93ed8cd7338bafef72f1/pillow-12.3.0-cp315-cp315-ios_13_0_x86_64_iphonesimulator.whl", hash = "sha256:4998562bf62a445225f22e07c896bb04b35b1b1f2eb6d760584c9c51d7a5f78c", size = 3696331, upload-time = "2026-07-01T11:55:41.98Z" },
    { url = "https://files.pythonhosted.org/packages/12/40/d306fc2c8e4d45d7f175c77edca7063be7b86fe7fe6e68f4353bf71d808c/pillow-12.3.0-cp315-cp315-macosx_10_15_x86_64.whl", hash = "sha256:dc624f6bc473dacdf7ef7eb8678d0d08edf15cd94fad6ae5c7d6cc67a4e4902f", size = 5350370, upload-time = "2026-07-01T11:55:44.028Z" },
    { url = "https://files.pythonhosted.org/packages/dd/44/668fb1437e8ce420f62d6106eb66e44a5971602a4d794615bdf79315d82d/pillow-12.3.0-cp315-cp315-macosx_11_0_arm64.whl", hash = "sha256:71d6097b330eea8fd15097780c8e89cb1a8ce7838669f48c5bacd6f663dd4701", size = 4780147, upload-time = "2026-07-01T11:55:46.073Z" },
    { url = "https://files.pythonhosted.org/packages/0c/08/93fa2e70e30a2d81547e481b6ee2bb9522117221fb1e0ce4b5df70967677/pillow-12.3.0-cp315-cp315-manylinux_2_27_aarch64.manylinux_2_28_aarch64.whl", hash = "sha256:28ce87c5ab450a9dd970b52e5aca5fe63ed432d18a2eaddd1979a00a1ba24ace", size = 6273659, upload-time = "2026-07-01T11:55:48.264Z" },
    { url = "https://files.pythonhosted.org/packages/f8/6d/043e96ff814fc31a33077e4cba86082167db520c93632afdf2042febbb0c/pillow-12.3.0-cp315-cp315-manylinux_2_27_x86_64.manylinux_2_28_x86_64.whl", hash = "sha256:6b02afb9b97f65fbca5f31db6a2a3ba21aa93030225f150fa3f249717e938fb4", size = 6947439, upload-time = "2026-07-01T11:55:50.503Z" },
    { url = "https://files.pythonhosted.org/packages/af/92/ba71d2ee2ac0edf3fa33bd9d5ee9ee080da70b1766f3ca3934f9938ddac9/pillow-12.3.0-cp315-cp315-musllinux_1_2_aarch64.whl", hash = "sha256:1182d52bc2d5e5d7d0949503aa7e36d12f42205dc287e4883f407b1988820d39", size = 6353577, upload-time = "2026-07-01T11:55:52.697Z" },
    { url = "https://files.pythonhosted.org/packages/0f/ce/e63064e2122923ff687c8ad792d0d736a7b3920a56a46982e81a7fdd25d6/pillow-12.3.0-cp315-cp315-musllinux_1_2_x86_64.whl", hash = "sha256:e795b7eb908249c4e43c7c99fac7c2c75dab0c43566e37db472a355f63693d71", size = 7060394, upload-time = "2026-07-01T11:55:55.149Z" },
    { url = "https://files.pythonhosted.org/packages/54/76/a09cc3ccc8d773a7283d34c38bec1708f9e3cc932093cbc4c5e71ac4060b/pillow-12.3.0-cp315-cp315-win32.whl", hash = "sha256:57b3d78c95ba9059768b10e28b813002261d3f3dfc55cc48b0c988f625175827", size = 6467375, upload-time = "2026-07-01T11:55:57.769Z" },
    { url = "https://files.pythonhosted.org/packages/3e/03/1846c49ba3b1d5550392a4bbd06d6fb4578e1cd91a803198b5c90f5f7d53/pillow-12.3.0-cp315-cp315-win_amd64.whl", hash = "sha256:fa4ecea169a355be7a3ade2c783e2ed12f0e40d2c5621cda8b3297faf7fbb9f5", size = 7237048, upload-time = "2026-07-01T11:55:59.975Z" },
    { url = "https://files.pythonhosted.org/packages/fb/bb/89f35dcc79610423f9f195504d7def7f0d1416a711541b42867e25fe3412/pillow-12.3.0-cp315-cp315-win_arm64.whl", hash = "sha256:877c3f311ff35410f690861c4409e7ccbf0cd2f878e50628a28e5a0bb689e658", size = 2566006, upload-time = "2026-07-01T11:56:02.143Z" },
    { url = "https://files.pythonhosted.org/packages/30/88/707027ba09942dfa2c28759b5c222d769290a41c6d20ea60ec250801941f/pillow-12.3.0-cp315-cp315t-macosx_10_15_x86_64.whl", hash = "sha256:e9871b1ffbfa9656b60aeee92ed5136a5742696006fa322b29ea3d8da0ecc9cf", size = 5352509, upload-time = "2026-07-01T11:56:04.2Z" },
    { url = "https://files.pythonhosted.org/packages/b0/6d/00352fa25332c2569cd387851f568cc5a4b75a9adbfb37ac4fbce4c02eec/pillow-12.3.0-cp315-cp315t-macosx_11_0_arm64.whl", hash = "sha256:53aa02d20d10c3d814d536aa4e5ac9b84ca0ff5a88377963b085ad6822f93e64", size = 4783167, upload-time = "2026-07-01T11:56:06.631Z" },
    { url = "https://files.pythonhosted.org/packages/13/4f/9e049dfa21af7c22427275720e2490267ba8138120add5c4c574deb69782/pillow-12.3.0-cp315-cp315t-manylinux_2_27_aarch64.manylinux_2_28_aarch64.whl", hash = "sha256:446c34dcc4324b084a53b705127dc15717b22c5e140ae0a3c38349d4efec071e", size = 6329237, upload-time = "2026-07-01T11:56:08.868Z" },
    { url = "https://files.pythonhosted.org/packages/36/16/cf6eeaae8d0fce8dd390a33437cf68c5d5bd73834a2bc6e2f14efda0ab45/pillow-12.3.0-cp315-cp315t-manylinux_2_27_x86_64.manylinux_2_28_x86_64.whl", hash = "sha256:cf1845d02ad822a369a49f2bb9345b1614744267682e7a03527dc3bf6eea1777", size = 6997047, upload-time = "2026-07-01T11:56:11.379Z" },
    { url = "https://files.pythonhosted.org/packages/1e/69/dbf769bdd55f48bf5733cac28edc6364ffaa072ec9ba336266e4fe66be55/pillow-12.3.0-cp315-cp315t-musllinux_1_2_aarch64.whl", hash = "sha256:186941b6aef820ad110fb01fb06eb925374dc3a21b17e37ec9a53b250c6fe2d1", size = 6400440, upload-time = "2026-07-01T11:56:13.908Z" },
    { url = "https://files.pythonhosted.org/packages/a0/e1/ffc9cfc2eea0d178da8018e18e959301ad9d6bc9f3edb7181e748a474b97/pillow-12.3.0-cp315-cp315t-musllinux_1_2_x86_64.whl", hash = "sha256:f13c32a3abd6079a66d9526e18dad9b6d280384d49d7c54040cd57b6424041d9", size = 7105895, upload-time = "2026-07-01T11:56:16.575Z" },
    { url = "https://files.pythonhosted.org/packages/18/f0/a5595c1e8c3ae44b9828cb2f0fa8155e5095ef04d6327b8f61cf44a3df85/pillow-12.3.0-cp315-cp315t-win32.whl", hash = "sha256:1657923d2d45afb66526e5b933e5b3052e6bdea196c90d3abb2424e18c77dae8", size = 6474384, upload-time = "2026-07-01T11:56:18.855Z" },
    { url = "https://files.pythonhosted.org/packages/e4/04/62bcd9f844984c5938d3b05264a61d797a29d3e0812341a8204af70bbdee/pillow-12.3.0-cp315-cp315t-win_amd64.whl", hash = "sha256:8cd2f7bdda092d99c9fc2fb7391354f306d01443d22785d0cbfafa2e2c8bb418", size = 7243537, upload-time = "2026-07-01T11:56:21.214Z" },
    { url = "https://files.pythonhosted.org/packages/3d/68/1f3066acedf37673694a7141381d8f811ae97f30d34413d236abe7d489f1/pillow-12.3.0-cp315-cp315t-win_arm64.whl", hash = "sha256:06ff022112bc9cbf83b60f8e028d94ad87b60621706487e65f673de61610ab59", size = 2567491, upload-time = "2026-07-01T11:56:23.506Z" },
]

[[package]]
name = "pyftdi"
version = "0.57.2"
source = { registry = "https://pypi.org/simple" }
dependencies = [
    { name = "pyserial" },
    { name = "pyusb" },
]
wheels = [
    { url = "https://files.pythonhosted.org/packages/7b/de/260694fa63dab6629c6ba7c2315de64dbd766eb761198b61fba96cbe7ea4/pyftdi-0.57.2-py3-none-any.whl", hash = "sha256:dec3acdc262594d8b1850a6aee608b861c2973f90011faf5cccae3107d3c67a4", size = 146319, upload-time = "2026-06-02T16:14:37.818Z" },
]

[[package]]
name = "pyserial"
version = "3.5"
source = { registry = "https://pypi.org/simple" }
sdist = { url = "https://files.pythonhosted.org/packages/1e/7d/ae3f0a63f41e4d2f6cb66a5b57197850f919f59e558159a4dd3a818f5082/pyserial-3.5.tar.gz", hash = "sha256:3c77e014170dfffbd816e6ffc205e9842efb10be9f58ec16d3e8675b4925cddb", size = 159125, upload-time = "2020-11-23T03:59:15.045Z" }
wheels = [
    { url = "https://files.pythonhosted.org/packages/07/bc/587a445451b253b285629263eb51c2d8e9bcea4fc97826266d186f96f558/pyserial-3.5-py2.py3-none-any.whl", hash = "sha256:c4451db6ba391ca6ca299fb3ec7bae67a5c55dde170964c7a14ceefec02f2cf0", size = 90585, upload-time = "2020-11-23T03:59:13.41Z" },
]

[[package]]
name = "pyusb"
version = "1.3.1"
source = { registry = "https://pypi.org/simple" }
sdist = { url = "https://files.pythonhosted.org/packages/00/6b/ce3727395e52b7b76dfcf0c665e37d223b680b9becc60710d4bc08b7b7cb/pyusb-1.3.1.tar.gz", hash = "sha256:3af070b607467c1c164f49d5b0caabe8ac78dbed9298d703a8dbf9df4052d17e", size = 77281, upload-time = "2025-01-08T23:45:01.866Z" }
wheels = [
    { url = "https://files.pythonhosted.org/packages/28/b8/27e6312e86408a44fe16bd28ee12dd98608b39f7e7e57884a24e8f29b573/pyusb-1.3.1-py3-none-any.whl", hash = "sha256:bf9b754557af4717fe80c2b07cc2b923a9151f5c08d17bdb5345dac09d6a0430", size = 58465, upload-time = "2025-01-08T23:45:00.029Z" },
]

[[package]]
name = "setuptools"
version = "84.0.0"
source = { registry = "https://pypi.org/simple" }
sdist = { url = "https://files.pythonhosted.org/packages/6d/44/f5da03a8ef95d369145c5bb53050e7877c9f3d312e128605fd9504829143/setuptools-84.0.0.tar.gz", hash = "sha256:f4695c21257f0d9b537ec2692c941d02ee143b7cc1276941349a546573b2ef73", size = 1168449, upload-time = "2026-08-08T18:27:58.365Z" }
wheels = [
    { url = "https://files.pythonhosted.org/packages/95/9c/c510029fc6ef33a6275cd2c5d3cecd6613dfd6aa401d57c54f1c18852ccf/setuptools-84.0.0-py3-none-any.whl", hash = "sha256:51a52592b3b99e102b609654876bd65f19f999935166d1352678931132b0c670", size = 818216, upload-time = "2026-08-08T18:27:56.719Z" },
]

[[package]]
name = "spidev"
version = "3.8"
source = { registry = "https://pypi.org/simple" }
sdist = { url = "https://files.pythonhosted.org/packages/67/87/039b6eeea781598015b538691bc174cc0bf77df9d4d2d3b8bf9245c0de8c/spidev-3.8.tar.gz", hash = "sha256:2bc02fb8c6312d519ebf1f4331067427c0921d3f77b8bcaf05189a2e8b8382c0", size = 13893, upload-time = "2025-09-15T18:56:20.672Z" }

[[package]]
name = "sysv-ipc"
version = "1.2.0"
source = { registry = "https://pypi.org/simple" }
sdist = { url = "https://files.pythonhosted.org/packages/f2/5e/59208c6dd05ebc6f46ce2023c4fc01ffe814a1967d21b35d312c7e6ffeae/sysv_ipc-1.2.0.tar.gz", hash = "sha256:ef96ab33bb62e4d14142f0be0524dcc0c3c70c96442df2fc773c67b7c7514199", size = 102810, upload-time = "2026-01-09T14:05:02.231Z" }
wheels = [
    { url = "https://files.pythonhosted.org/packages/e7/98/b35eba27297a886931d69352c171cfd53ea9b4a9097d282f80556046bc39/sysv_ipc-1.2.0-cp312-cp312-manylinux2014_aarch64.manylinux_2_17_aarch64.manylinux_2_28_aarch64.whl", hash = "sha256:eb8cea6b912b467083941032f4b38269d86d1ec8f2dec0ca39694fedf6fd9acd", size = 72257, upload-time = "2026-01-09T14:04:23.289Z" },
    { url = "https://files.pythonhosted.org/packages/5d/6f/906724d4ca94cc5c0a6c419ed0ec2a0b64b41de6771590ebf9db59cc97db/sysv_ipc-1.2.0-cp312-cp312-manylinux2014_x86_64.manylinux_2_17_x86_64.manylinux_2_28_x86_64.whl", hash = "sha256:48865de17c9354a6c7740c47dc4d13f409afe43e4fc350b56df3ca5c10c1462d", size = 73309, upload-time = "2026-01-09T14:04:24.421Z" },
    { url = "https://files.pythonhosted.org/packages/ea/3a/818d7634f31484e35ffee1b018287a0007e24a98709d06ecc544e7c7cba8/sysv_ipc-1.2.0-cp312-cp312-musllinux_1_2_aarch64.whl", hash = "sha256:f69c30545a3280b4b7f2057fd3aedb7044e45894314752241802e697a00b5413", size = 70955, upload-time = "2026-01-09T14:04:25.172Z" },
    { url = "https://files.pythonhosted.org/packages/1b/80/e3881c84573206563191d8c13711382dc22bf54a7ae4d09d099271cf3703/sysv_ipc-1.2.0-cp312-cp312-musllinux_1_2_x86_64.whl", hash = "sha256:a000180848b59508bd862215998ee70c4cd4cd3081b0b066068e9287645cda35", size = 71223, upload-time = "2026-01-09T14:04:26.061Z" },
    { url = "https://files.pythonhosted.org/packages/a2/2d/2e4f55201cca54666c08468538348be4af16a52c7296bdd038a303e7be9f/sysv_ipc-1.2.0-cp313-cp313-manylinux2014_aarch64.manylinux_2_17_aarch64.manylinux_2_28_aarch64.whl", hash = "sha256:977f0e313c2e663000f0c316682ea2c3f6d2f86bbbdb1bcd274fea244a211df0", size = 72727, upload-time = "2026-01-09T14:04:28.317Z" },
    { url = "https://files.pythonhosted.org/packages/d0/6a/e04914984503317dd2481d6ff5fa9ab85e70960b79514309b0bcb0ef08d8/sysv_ipc-1.2.0-cp313-cp313-manylinux2014_x86_64.manylinux_2_17_x86_64.manylinux_2_28_x86_64.whl", hash = "sha256:f0b40e147277a954c41f94207dfab402bfa8371198c191b826d833b40c5e83e9", size = 73643, upload-time = "2026-01-09T14:04:29.234Z" },
    { url = "https://files.pythonhosted.org/packages/54/46/6f9aacbbf4c71ddce08f645bd67fa4223573a3191fd938acc926ca2b94c4/sysv_ipc-1.2.0-cp313-cp313-musllinux_1_2_aarch64.whl", hash = "sha256:83ff789f67477dc09424f674e1eb9195d8edd9b4044c3d5833d1a252d49034fc", size = 71319, upload-time = "2026-01-09T14:04:30.059Z" },
    { url = "https://files.pythonhosted.org/packages/34/21/0127cb9ecbc281c5b5a79d4be7a61e2d35442f72baaa1594e089dbe9206a/sysv_ipc-1.2.0-cp313-cp313-musllinux_1_2_x86_64.whl", hash = "sha256:fc541299c3af8351abff804e287a0c203338c140f70ee70855f46a1710cc0ff7", size = 71575, upload-time = "2026-01-09T14:04:32.011Z" },
    { url = "https://files.pythonhosted.org/packages/e4/a5/1d0f4a95ba040987266af995eb973f2d469fa61452cc925a8ff95401927f/sysv_ipc-1.2.0-cp314-cp314-manylinux2014_aarch64.manylinux_2_17_aarch64.manylinux_2_28_aarch64.whl", hash = "sha256:7dcdda15a2ead282545d007bd4fb5bfff844d2ac2b2f4a2b52ddcb2a38953968", size = 73168, upload-time = "2026-01-09T14:04:35.49Z" },
    { url = "https://files.pythonhosted.org/packages/8e/7a/25d2a8a7bde7165a0260d06e83a57ecfe8668802f31ffea47620cfcb56eb/sysv_ipc-1.2.0-cp314-cp314-manylinux2014_x86_64.manylinux_2_17_x86_64.manylinux_2_28_x86_64.whl", hash = "sha256:9c5bf97ac00370159973c17a29224ae6f277757cee704abd61be1ce5bfaf78b0", size = 74039, upload-time = "2026-01-09T14:04:36.709Z" },
    { url = "https://files.pythonhosted.org/packages/8f/77/2be88d40d24a780f56ca74ff01802f8cb548a1def4c50da7094720fcd41c/sysv_ipc-1.2.0-cp314-cp314-musllinux_1_2_aarch64.whl", hash = "sha256:201e18f6f32bd6542e0886668699c16ddcdcc37105b2643c2c50a044f22e437f", size = 72237, upload-time = "2026-01-09T14:04:37.729Z" },
    { url = "https://files.pythonhosted.org/packages/2f/04/b7657691f0274bd22fb66fc772e567c78dffb96f6943cbb16352e20b55a1/sysv_ipc-1.2.0-cp314-cp314-musllinux_1_2_x86_64.whl", hash = "sha256:4daecc8fae2a6335ed56095d19a3bda96e551ea78781cd53abda94cfe37b6cfe", size = 72400, upload-time = "2026-01-09T14:04:38.55Z" },
    { url = "https://files.pythonhosted.org/packages/cc/61/ff85f043f507d4d9d5a84411dfd18f8f896dc3f77d29f5f4f6ee1d48ec9c/sysv_ipc-1.2.0-cp314-cp314t-manylinux2014_aarch64.manylinux_2_17_aarch64.manylinux_2_28_aarch64.whl", hash = "sha256:17f8b31c09ed94d0fa95d64720426344e2ae5a06691a8f076ef3909145877958", size = 76984, upload-time = "2026-01-09T14:04:41.32Z" },
    { url = "https://files.pythonhosted.org/packages/ff/39/02d900a035c674c6e4edb263ea0061c0fa8389ad9a2270150dc2a1fee476/sysv_ipc-1.2.0-cp314-cp314t-manylinux2014_x86_64.manylinux_2_17_x86_64.manylinux_2_28_x86_64.whl", hash = "sha256:acd083316d0c5b2e7fb5b7a5db6ad8fb2400ea4ca3d1813692acd93656a51f79", size = 77179, upload-time = "2026-01-09T14:04:42.65Z" },
    { url = "https://files.pythonhosted.org/packages/46/5a/d269d9aca6f2eda908c58a244488bcca751004c8f954742fd8aadf2e0a6d/sysv_ipc-1.2.0-cp314-cp314t-musllinux_1_2_aarch64.whl", hash = "sha256:3eb7b8f8b577ec0fbde890f86c6f9dc365f3012b02e4e275a350427621df80ad", size = 75959, upload-time = "2026-01-09T14:04:43.569Z" },
    { url = "https://files.pythonhosted.org/packages/8d/13/a49595e0056dc607e7530b946c7b62f11ec514822c40d54d94287e534e9d/sysv_ipc-1.2.0-cp314-cp314t-musllinux_1_2_x86_64.whl", hash = "sha256:a65e64577082b109d49bd68db8facb6f3a08ddbbde4b76c87b1246490922ef2a", size = 75679, upload-time = "2026-01-09T14:04:44.4Z" },
]

[[package]]
name = "typing-extensions"
version = "4.16.0"
source = { registry = "https://pypi.org/simple" }
sdist = { url = "https://files.pythonhosted.org/packages/f6/cc/6253133b5bb138fc3306cebfbda2c520f545d36b5be2c7255cc528bb45d6/typing_extensions-4.16.0.tar.gz", hash = "sha256:dc983d19a509c94dba722ee6abd33940f7c05a89e243c47e907eb4db6f1a43e5", size = 113555, upload-time = "2026-07-02T08:40:05.92Z" }
wheels = [
    { url = "https://files.pythonhosted.org/packages/49/d3/b8441a820a491ddfc024b0b0cf0393375b75ea13866d9c66727e54c2fc80/typing_extensions-4.16.0-py3-none-any.whl", hash = "sha256:481caa481374e813c1b176ada14e97f1f67a4539ce9cfeb3f350d78d6370c2e8", size = 45571, upload-time = "2026-07-02T08:40:04.659Z" },
]
